// !$*UTF8*$!
{
	archiveVersion = 1;
	classes = {
	};
	objectVersion = 56;
	objects = {

/* Begin PBXBuildFile section */
		76F5ADD52B7BB295000B664B /* main.cpp in Sources */ = {isa = PBXBuildFile; fileRef = 76F5ADD42B7BB295000B664B /* main.cpp */; };
		76F5ADE02B7BB3F0000B664B /* std2.cpp in Sources */ = {isa = PBXBuildFile; fileRef = 76F5ADDC2B7BB3F0000B664B /* std2.cpp */; };
		76F5ADE12B7BB3F0000B664B /* file_io.cpp in Sources */ = {isa = PBXBuildFile; fileRef = 76F5ADDD2B7BB3F0000B664B /* file_io.cpp */; };
		76F5ADE22B7BB3F0000B664B /* io.cpp in Sources */ = {isa = PBXBuildFile; fileRef = 76F5ADDE2B7BB3F0000B664B /* io.cpp */; };
		76F5ADE32B7BB3F0000B664B /* std1.cpp in Sources */ = {isa = PBXBuildFile; fileRef = 76F5ADDF2B7BB3F0000B664B /* std1.cpp */; };
		76F5ADE52B7BB40B000B664B /* std_algo.cpp in Sources */ = {isa = PBXBuildFile; fileRef = 76F5ADE42B7BB40B000B664B /* std_algo.cpp */; };
/* End PBXBuildFile section */

/* Begin PBXCopyFilesBuildPhase section */
		76F5ADCF2B7BB295000B664B /* CopyFiles */ = {
			isa = PBXCopyFilesBuildPhase;
			buildActionMask = 2147483647;
			dstPath = /usr/share/man/man1/;
			dstSubfolderSpec = 0;
			files = (
			);
			runOnlyForDeploymentPostprocessing = 1;
		};
/* End PBXCopyFilesBuildPhase section */

/* Begin PBXFileReference section */
		76F5ADD12B7BB295000B664B /* mijn-ps */ = {isa = PBXFileReference; explicitFileType = "compiled.mach-o.executable"; includeInIndex = 0; path = "mijn-ps"; sourceTree = BUILT_PRODUCTS_DIR; };
		76F5ADD42B7BB295000B664B /* main.cpp */ = {isa = PBXFileReference; lastKnownFileType = sourcecode.cpp.cpp; path = main.cpp; sourceTree = "<group>"; };
		76F5ADDC2B7BB3F0000B664B /* std2.cpp */ = {isa = PBXFileReference; fileEncoding = 4; lastKnownFileType = sourcecode.cpp.cpp; path = std2.cpp; sourceTree = "<group>"; };
		76F5ADDD2B7BB3F0000B664B /* file_io.cpp */ = {isa = PBXFileReference; fileEncoding = 4; lastKnownFileType = sourcecode.cpp.cpp; path = file_io.cpp; sourceTree = "<group>"; };
		76F5ADDE2B7BB3F0000B664B /* io.cpp */ = {isa = PBXFileReference; fileEncoding = 4; lastKnownFileType = sourcecode.cpp.cpp; path = io.cpp; sourceTree = "<group>"; };
		76F5ADDF2B7BB3F0000B664B /* std1.cpp */ = {isa = PBXFileReference; fileEncoding = 4; lastKnownFileType = sourcecode.cpp.cpp; path = std1.cpp; sourceTree = "<group>"; };
		76F5ADE42B7BB40B000B664B /* std_algo.cpp */ = {isa = PBXFileReference; lastKnownFileType = sourcecode.cpp.cpp; path = std_algo.cpp; sourceTree = "<group>"; };
		76F5ADE62B7BB529000B664B /* std_algo.h */ = {isa = PBXFileReference; lastKnownFileType = sourcecode.c.h; path = std_algo.h; sourceTree = "<group>"; };
/* End PBXFileReference section */

/* Begin PBXFrameworksBuildPhase section */
		76F5ADCE2B7BB295000B664B /* Frameworks */ = {
			isa = PBXFrameworksBuildPhase;
			buildActionMask = 2147483647;
			files = (
			);
			runOnlyForDeploymentPostprocessing = 0;
		};
/* End PBXFrameworksBuildPhase section */

/* Begin PBXGroup section */
		76F5ADC82B7BB295000B664B = {
			isa = PBXGroup;
			children = (
				76F5ADD32B7BB295000B664B /* mijn-ps */,
				76F5ADD22B7BB295000B664B /* Products */,
			);
			sourceTree = "<group>";
		};
		76F5ADD22B7BB295000B664B /* Products */ = {
			isa = PBXGroup;
			children = (
				76F5ADD12B7BB295000B664B /* mijn-ps */,
			);
			name = Products;
			sourceTree = "<group>";
		};
		76F5ADD32B7BB295000B664B /* mijn-ps */ = {
			isa = PBXGroup;
			children = (
				76F5ADDD2B7BB3F0000B664B /* file_io.cpp */,
				76F5ADDE2B7BB3F0000B664B /* io.cpp */,
				76F5ADDF2B7BB3F0000B664B /* std1.cpp */,
				76F5ADDC2B7BB3F0000B664B /* std2.cpp */,
				76F5ADD42B7BB295000B664B /* main.cpp */,
				76F5ADE42B7BB40B000B664B /* std_algo.cpp */,
				76F5ADE62B7BB529000B664B /* std_algo.h */,
			);
			path = "mijn-ps";
			sourceTree = "<group>";
		};
/* End PBXGroup section */

/* Begin PBXNativeTarget section */
		76F5ADD02B7BB295000B664B /* mijn-ps */ = {
			isa = PBXNativeTarget;
			buildConfigurationList = 76F5ADD82B7BB295000B664B /* Build configuration list for PBXNativeTarget "mijn-ps" */;
			buildPhases = (
				76F5ADCD2B7BB295000B664B /* Sources */,
				76F5ADCE2B7BB295000B664B /* Frameworks */,
				76F5ADCF2B7BB295000B664B /* CopyFiles */,
			);
			buildRules = (
			);
			dependencies = (
			);
			name = "mijn-ps";
			productName = "mijn-ps";
			productReference = 76F5ADD12B7BB295000B664B /* mijn-ps */;
			productType = "com.apple.product-type.tool";
		};
/* End PBXNativeTarget section */

/* Begin PBXProject section */
		76F5ADC92B7BB295000B664B /* Project object */ = {
			isa = PBXProject;
			attributes = {
				BuildIndependentTargetsInParallel = 1;
				LastUpgradeCheck = 1520;
				TargetAttributes = {
					76F5ADD02B7BB295000B664B = {
						CreatedOnToolsVersion = 15.2;
					};
				};
			};
			buildConfigurationList = 76F5ADCC2B7BB295000B664B /* Build configuration list for PBXProject "mijn-ps" */;
			compatibilityVersion = "Xcode 14.0";
			developmentRegion = en;
			hasScannedForEncodings = 0;
			knownRegions = (
				en,
				Base,
			);
			mainGroup = 76F5ADC82B7BB295000B664B;
			productRefGroup = 76F5ADD22B7BB295000B664B /* Products */;
			projectDirPath = "";
			projectRoot = "";
			targets = (
				76F5ADD02B7BB295000B664B /* mijn-ps */,
			);
		};
/* End PBXProject section */

/* Begin PBXSourcesBuildPhase section */
		76F5ADCD2B7BB295000B664B /* Sources */ = {
			isa = PBXSourcesBuildPhase;
			buildActionMask = 2147483647;
			files = (
				76F5ADE12B7BB3F0000B664B /* file_io.cpp in Sources */,
				76F5ADE02B7BB3F0000B664B /* std2.cpp in Sources */,
				76F5ADE52B7BB40B000B664B /* std_algo.cpp in Sources */,
				76F5ADD52B7BB295000B664B /* main.cpp in Sources */,
				76F5ADE32B7BB3F0000B664B /* std1.cpp in Sources */,
				76F5ADE22B7BB3F0000B664B /* io.cpp in Sources */,
			);
			runOnlyForDeploymentPostprocessing = 0;
		};
/* End PBXSourcesBuildPhase section */

/* Begin XCBuildConfiguration section */
		76F5ADD62B7BB295000B664B /* Debug */ = {
			isa = XCBuildConfiguration;
			buildSettings = {
				ALWAYS_SEARCH_USER_PATHS = NO;
				ASSETCATALOG_COMPILER_GENERATE_SWIFT_ASSET_SYMBOL_EXTENSIONS = YES;
				CLANG_ANALYZER_NONNULL = YES;
				CLANG_ANALYZER_NUMBER_OBJECT_CONVERSION = YES_AGGRESSIVE;
				CLANG_CXX_LANGUAGE_STANDARD = "gnu++20";
				CLANG_ENABLE_MODULES = YES;
				CLANG_ENABLE_OBJC_ARC = YES;
				CLANG_ENABLE_OBJC_WEAK = YES;
				CLANG_WARN_BLOCK_CAPTURE_AUTORELEASING = YES;
				CLANG_WARN_BOOL_CONVERSION = YES;
				CLANG_WARN_COMMA = YES;
				CLANG_WARN_CONSTANT_CONVERSION = YES;
				CLANG_WARN_DEPRECATED_OBJC_IMPLEMENTATIONS = YES;
				CLANG_WARN_DIRECT_OBJC_ISA_USAGE = YES_ERROR;
				CLANG_WARN_DOCUMENTATION_COMMENTS = YES;
				CLANG_WARN_EMPTY_BODY = YES;
				CLANG_WARN_ENUM_CONVERSION = YES;
				CLANG_WARN_INFINITE_RECURSION = YES;
				CLANG_WARN_INT_CONVERSION = YES;
				CLANG_WARN_NON_LITERAL_NULL_CONVERSION = YES;
				CLANG_WARN_OBJC_IMPLICIT_RETAIN_SELF = YES;
				CLANG_WARN_OBJC_LITERAL_CONVERSION = YES;
				CLANG_WARN_OBJC_ROOT_CLASS = YES_ERROR;
				CLANG_WARN_QUOTED_INCLUDE_IN_FRAMEWORK_HEADER = YES;
				CLANG_WARN_RANGE_LOOP_ANALYSIS = YES;
				CLANG_WARN_STRICT_PROTOTYPES = YES;
				CLANG_WARN_SUSPICIOUS_MOVE = YES;
				CLANG_WARN_UNGUARDED_AVAILABILITY = YES_AGGRESSIVE;
				CLANG_WARN_UNREACHABLE_CODE = YES;
				CLANG_WARN__DUPLICATE_METHOD_MATCH = YES;
				COPY_PHASE_STRIP = NO;
				DEBUG_INFORMATION_FORMAT = dwarf;
				ENABLE_STRICT_OBJC_MSGSEND = YES;
				ENABLE_TESTABILITY = YES;
				ENABLE_USER_SCRIPT_SANDBOXING = YES;
				GCC_C_LANGUAGE_STANDARD = gnu17;
				GCC_DYNAMIC_NO_PIC = NO;
				GCC_NO_COMMON_BLOCKS = YES;
				GCC_OPTIMIZATION_LEVEL = 0;
				GCC_PREPROCESSOR_DEFINITIONS = (
					"DEBUG=1",
					"$(inherited)",
				);
				GCC_WARN_64_TO_32_BIT_CONVERSION = YES;
				GCC_WARN_ABOUT_RETURN_TYPE = YES_ERROR;
				GCC_WARN_UNDECLARED_SELECTOR = YES;
				GCC_WARN_UNINITIALIZED_AUTOS = YES_AGGRESSIVE;
				GCC_WARN_UNUSED_FUNCTION = YES;
				GCC_WARN_UNUSED_VARIABLE = YES;
				LOCALIZATION_PREFERS_STRING_CATALOGS = YES;
				MACOSX_DEPLOYMENT_TARGET = 14.2;
				MTL_ENABLE_DEBUG_INFO = INCLUDE_SOURCE;
				MTL_FAST_MATH = YES;
				ONLY_ACTIVE_ARCH = YES;
				SDKROOT = macosx;
			};
			name = Debug;
		};
		76F5ADD72B7BB295000B664B /* Release */ = {
			isa = XCBuildConfiguration;
			buildSettings = {
				ALWAYS_SEARCH_USER_PATHS = NO;
				ASSETCATALOG_COMPILER_GENERATE_SWIFT_ASSET_SYMBOL_EXTENSIONS = YES;
				CLANG_ANALYZER_NONNULL = YES;
				CLANG_ANALYZER_NUMBER_OBJECT_CONVERSION = YES_AGGRESSIVE;
				CLANG_CXX_LANGUAGE_STANDARD = "gnu++20";
				CLANG_ENABLE_MODULES = YES;
				CLANG_ENABLE_OBJC_ARC = YES;
				CLANG_ENABLE_OBJC_WEAK = YES;
				CLANG_WARN_BLOCK_CAPTURE_AUTORELEASING = YES;
				CLANG_WARN_BOOL_CONVERSION = YES;
				CLANG_WARN_COMMA = YES;
				CLANG_WARN_CONSTANT_CONVERSION = YES;
				CLANG_WARN_DEPRECATED_OBJC_IMPLEMENTATIONS = YES;
				CLANG_WARN_DIRECT_OBJC_ISA_USAGE = YES_ERROR;
				CLANG_WARN_DOCUMENTATION_COMMENTS = YES;
				CLANG_WARN_EMPTY_BODY = YES;
				CLANG_WARN_ENUM_CONVERSION = YES;
				CLANG_WARN_INFINITE_RECURSION = YES;
				CLANG_WARN_INT_CONVERSION = YES;
				CLANG_WARN_NON_LITERAL_NULL_CONVERSION = YES;
				CLANG_WARN_OBJC_IMPLICIT_RETAIN_SELF = YES;
				CLANG_WARN_OBJC_LITERAL_CONVERSION = YES;
				CLANG_WARN_OBJC_ROOT_CLASS = YES_ERROR;
				CLANG_WARN_QUOTED_INCLUDE_IN_FRAMEWORK_HEADER = YES;
				CLANG_WARN_RANGE_LOOP_ANALYSIS = YES;
				CLANG_WARN_STRICT_PROTOTYPES = YES;
				CLANG_WARN_SUSPICIOUS_MOVE = YES;
				CLANG_WARN_UNGUARDED_AVAILABILITY = YES_AGGRESSIVE;
				CLANG_WARN_UNREACHABLE_CODE = YES;
				CLANG_WARN__DUPLICATE_METHOD_MATCH = YES;
				COPY_PHASE_STRIP = NO;
				DEBUG_INFORMATION_FORMAT = "dwarf-with-dsym";
				ENABLE_NS_ASSERTIONS = NO;
				ENABLE_STRICT_OBJC_MSGSEND = YES;
				ENABLE_USER_SCRIPT_SANDBOXING = YES;
				GCC_C_LANGUAGE_STANDARD = gnu17;
				GCC_NO_COMMON_BLOCKS = YES;
				GCC_WARN_64_TO_32_BIT_CONVERSION = YES;
				GCC_WARN_ABOUT_RETURN_TYPE = YES_ERROR;
				GCC_WARN_UNDECLARED_SELECTOR = YES;
				GCC_WARN_UNINITIALIZED_AUTOS = YES_AGGRESSIVE;
				GCC_WARN_UNUSED_FUNCTION = YES;
				GCC_WARN_UNUSED_VARIABLE = YES;
				LOCALIZATION_PREFERS_STRING_CATALOGS = YES;
				MACOSX_DEPLOYMENT_TARGET = 14.2;
				MTL_ENABLE_DEBUG_INFO = NO;
				MTL_FAST_MATH = YES;
				SDKROOT = macosx;
			};
			name = Release;
		};
		76F5ADD92B7BB295000B664B /* Debug */ = {
			isa = XCBuildConfiguration;
			buildSettings = {
				CODE_SIGN_STYLE = Automatic;
				DEVELOPMENT_TEAM = 8GR36J2M6M;
				ENABLE_HARDENED_RUNTIME = YES;
				PRODUCT_NAME = "$(TARGET_NAME)";
			};
			name = Debug;
		};
		76F5ADDA2B7BB295000B664B /* Release */ = {
			isa = XCBuildConfiguration;
			buildSettings = {
				CODE_SIGN_STYLE = Automatic;
				DEVELOPMENT_TEAM = 8GR36J2M6M;
				ENABLE_HARDENED_RUNTIME = YES;
				PRODUCT_NAME = "$(TARGET_NAME)";
			};
			name = Release;
		};
/* End XCBuildConfiguration section */

/* Begin XCConfigurationList section */
		76F5ADCC2B7BB295000B664B /* Build configuration list for PBXProject "mijn-ps" */ = {
			isa = XCConfigurationList;
			buildConfigurations = (
				76F5ADD62B7BB295000B664B /* Debug */,
				76F5ADD72B7BB295000B664B /* Release */,
			);
			defaultConfigurationIsVisible = 0;
			defaultConfigurationName = Release;
		};
		76F5ADD82B7BB295000B664B /* Build configuration list for PBXNativeTarget "mijn-ps" */ = {
			isa = XCConfigurationList;
			buildConfigurations = (
				76F5ADD92B7BB295000B664B /* Debug */,
				76F5ADDA2B7BB295000B664B /* Release */,
			);
			defaultConfigurationIsVisible = 0;
			defaultConfigurationName = Release;
		};
/* End XCConfigurationList section */
	};
	rootObject = 76F5ADC92B7BB295000B664B /* Project object */;
}
